
Microsoft Visual Studio Solution File, Format Version 12.00
# Visual Studio Version 17
VisualStudioVersion = 17.4.33122.133
MinimumVisualStudioVersion = 10.0.40219.1
Project("{FAE04EC0-301F-11D3-BF4B-00C04F79EFBC}") = "ExamenProgramacion", "ExamenProgramacion.csproj", "{A8CBFE03-C149-4866-9741-122542ADE723}"
EndProject
Global
	GlobalSection(SolutionConfigurationPlatforms) = preSolution
		Debug|Any CPU = Debug|Any CPU
		Release|Any CPU = Release|Any CPU
	EndGlobalSection
	GlobalSection(ProjectConfigurationPlatforms) = postSolution
		{A8CBFE03-C149-4866-9741-122542ADE723}.Debug|Any CPU.ActiveCfg = Debug|Any CPU
		{A8CBFE03-C149-4866-9741-122542ADE723}.Debug|Any CPU.Build.0 = Debug|Any CPU
		{A8CBFE03-C149-4866-9741-122542ADE723}.Release|Any CPU.ActiveCfg = Release|Any CPU
		{A8CBFE03-C149-4866-9741-122542ADE723}.Release|Any CPU.Build.0 = Release|Any CPU
	EndGlobalSection
	GlobalSection(SolutionProperties) = preSolution
		HideSolutionNode = FALSE
	EndGlobalSection
	GlobalSection(ExtensibilityGlobals) = postSolution
		SolutionGuid = {8AC81723-5F36-4B23-BF52-401BD526EA85}
	EndGlobalSection
EndGlobal
